github.com/docopt/docopt-go v0.0.0-20180111231733-ee0de3bc6815 h1:bWDMxwH3px2JBh6AyO7hdCn/PkvCZXii8TGj7sbtEbQ=
github.com/docopt/docopt-go v0.0.0-20180111231733-ee0de3bc6815/go.mod h1:WwZ+bS3ebgob9U8Nd0kOddGdZWjyMGR8Wziv+TBNwSE=
github.com/eknkc/amber v0.0.0-20171010120322-cdade1c07385 h1:clC1lXBpe2kTj2VHdaIu9ajZQe4kcEY9j0NsnDDBZ3o=
github.com/eknkc/amber v0.0.0-20171010120322-cdade1c07385/go.mod h1:0vRUJqYpeSZifjYj7uP3BG/gKcuzL9xWVV/Y+cK33KM=
github.com/go-chi/chi v4.0.3+incompatible h1:gakN3pDJnzZN5jqFV2TEdF66rTfKeITyR8qu6ekICEY=
github.com/go-chi/chi v4.0.3+incompatible/go.mod h1:eB3wogJHnLi3x/kFX2A+IbTBlXxmMeXJVKy9tTv1XzQ=
github.com/go-yaml/yaml v2.1.0+incompatible h1:RYi2hDdss1u4YE7GwixGzWwVo47T8UQwnTLB6vQiq+o=
github.com/go-yaml/yaml v2.1.0+incompatible/go.mod h1:w2MrLa16VYP0jy6N7M5kHaCkaLENm+P+Tv+MfurjSw0=
github.com/iancoleman/strcase v0.0.0-20191112232945-16388991a334 h1:VHgatEHNcBFEB7inlalqfNqw65aNkM1lGX2yt3NmbS8=
github.com/iancoleman/strcase v0.0.0-20191112232945-16388991a334/go.mod h1:SK73tn/9oHe+/Y0h39VT4UCxmurVJkR5NA7kMEAOgSE=
github.com/kovetskiy/ko v0.0.0-20200107130756-5aeb3d88d1de h1:LALfVc4U4v0luGqVWet2OVpscFGJg4h/fNsWA3YIYhU=
github.com/kovetskiy/ko v0.0.0-20200107130756-5aeb3d88d1de/go.mod h1:5RTDadc76NCMKavfnEcGrGVdoQ02h8dLHBUEN4h3xsM=
github.com/kovetskiy/lorg v0.0.0-20200107130803-9a7136a95634 h1:szpgh20EtHoQhJ38jrp7S2nlrhf56GSwa4de0hMfc2U=
github.com/kovetskiy/lorg v0.0.0-20200107130803-9a7136a95634/go.mod h1:B8HeKAukXULNzWWsW5k/SQyDkiQZPn7lTBJDB46MZ9I=
github.com/kovetskiy/toml v0.2.0 h1:tMsPGWE3ejTjXop10/17b/tDtbwQJZdBfc0e+l3WndA=
github.com/kovetskiy/toml v0.2.0/go.mod h1:+nh++V8wCesSlfPA3DSXGO1hiAHDVHDqem4ixTsWuRY=
github.com/reconquest/cog v0.0.0-20191208202052-266c2467b936 h1:jSaVCkKLAGc8VWBRVKk0Ffxrv/NKD1ixkOyjwPWrPd4=
github.com/reconquest/cog v0.0.0-20191208202052-266c2467b936/go.mod h1:IYiTfZ8/UKTz5svWOy+2ri5NuS+pJ3ynXMg8V0IHkXU=
github.com/reconquest/executil-go v0.0.0-20181110204642-1f5c2d67813f h1:z1ngdCBGkIqhguiSVsn7VI/PLzGnC6r1JClA4iv+5hA=
github.com/reconquest/executil-go v0.0.0-20181110204642-1f5c2d67813f/go.mod h1:63UJzHtKBhZ2qo6JzQFn8wOG8bNXextZyVOjlXUE+9I=
github.com/reconquest/karma-go v0.0.0-20190930125156-7b5c19ad6eab h1:NPOguOXVFBXRaBt4uPQLhvLkNwQgT0M+PZwxBGxgrrQ=
github.com/reconquest/karma-go v0.0.0-20190930125156-7b5c19ad6eab/go.mod h1:oTXKs9J7KQ1gCpnvSwCbH9vlvELZFfUSbEbrr2ABeo0=
github.com/reconquest/pkg v0.0.0-20200207121130-4bb35689f24e h1:dsd33GESWycSsQyJ/TzGYtADg15b9ZRzbM+XXVJqAtg=
github.com/reconquest/pkg v0.0.0-20200207121130-4bb35689f24e/go.mod h1:Nqi0AJehtACFbTsZoQYCPPF20kTR78IhkL09CeUUGbU=
github.com/xtgo/uuid v0.0.0-20140804021211-a0b114877d4c h1:3lbZUMbMiGUW/LMkfsEABsc5zNT9+b1CvsJx47JzJ8g=
github.com/xtgo/uuid v0.0.0-20140804021211-a0b114877d4c/go.mod h1:UrdRz5enIKZ63MEE3IF9l2/ebyx59GyGgPi+tICQdmM=
github.com/zazab/zhash v0.0.0-20170403032415-ad45b89afe7a h1:8gf6DUwu6F8Fh3rN8Ei9TM66KkWrNC04FP3HlcbxPuQ=
github.com/zazab/zhash v0.0.0-20170403032415-ad45b89afe7a/go.mod h1:P+yVThXQrjx7yGmgsdI4WQ/XDDmcyBMZzK1b39TXteA=
golang.org/x/crypto v0.0.0-20190308221718-c2843e01d9a2/go.mod h1:djNgcEr1/C05ACkg1iLfiJU5Ep61QUkGW8qpdssI0+w=
golang.org/x/crypto v0.0.0-20200210222208-86ce3cb69678 h1:wCWoJcFExDgyYx2m2hpHgwz8W3+FPdfldvIgzqDIhyg=
golang.org/x/crypto v0.0.0-20200210222208-86ce3cb69678/go.mod h1:LzIPMQfyMNhhGPhUkYOs5KpL4U8rLKemX1yGLhDgUto=
golang.org/x/net v0.0.0-20181220203305-927f97764cc3 h1:eH6Eip3UpmR+yM/qI9Ijluzb1bNv/cAU/n+6l8tRSis=
golang.org/x/net v0.0.0-20181220203305-927f97764cc3/go.mod h1:mL1N/T3taQHkDXs73rZJwtUhF3w3ftmwwsq0BUmARs4=
golang.org/x/net v0.0.0-20190404232315-eb5bcb51f2a3 h1:0GoQqolDA55aaLxZyTzK/Y2ePZzZTUrRacwib7cNsYQ=
golang.org/x/net v0.0.0-20190404232315-eb5bcb51f2a3/go.mod h1:t9HGtf8HONx5eT2rtn7q6eTqICYqUVnKs3thJo3Qplg=
golang.org/x/sys v0.0.0-20190215142949-d0b11bdaac8a/go.mod h1:STP8DvDyc/dI5b8T5hshtkjS+E42TnysNCUPdjciGhY=
golang.org/x/sys v0.0.0-20190412213103-97732733099d h1:+R4KGOnez64A81RvjARKc4UT5/tI9ujCIVX+P5KiHuI=
golang.org/x/sys v0.0.0-20190412213103-97732733099d/go.mod h1:h1NjWce9XRLGQEsW7wpKNCjG9DtNlClVuFLEZdDNbEs=
golang.org/x/text v0.3.0/go.mod h1:NqM8EUOU14njkJ3fqMW+pc6Ldnwhi/IjpwHt7yyuwOQ=
gopkg.in/resty.v1 v1.12.0 h1:CuXP0Pjfw9rOuY6EP+UvtNvt5DSqHpIxILZKT/quCZI=
gopkg.in/resty.v1 v1.12.0/go.mod h1:mDo4pnntr5jdWRML875a/NmxYqAlA73dVijT2AXvQQo=
